// !$*UTF8*$!
{
	archiveVersion = 1;
	classes = {
	};
	objectVersion = 52;
	objects = {

/* Begin PBXBuildFile section */
		1390E0489F58DB84781606D8 /* MemoryRepositoryTests.swift in Sources */ = {isa = PBXBuildFile; fileRef = 01B08555B5C169DE76A98305 /* MemoryRepositoryTests.swift */; };
		13FA2157C6B1826D7E74A311 /* OpenAIProvider.swift in Sources */ = {isa = PBXBuildFile; fileRef = F97F9D564EAF947EE8B336E2 /* OpenAIProvider.swift */; };
		CC1A2B3D4E5F6A7B8C9D0E1F /* ClaudeProvider.swift in Sources */ = {isa = PBXBuildFile; fileRef = CC2B3C4D5E6F7A8B9C0D1E2F /* ClaudeProvider.swift */; };
		DD1A2B3D4E5F6A7B8C9D0E1F /* GeminiProvider.swift in Sources */ = {isa = PBXBuildFile; fileRef = DD2B3C4D5E6F7A8B9C0D1E2F /* GeminiProvider.swift */; };
		200B569921A8FFF7C694B5FA /* String+Highlight.swift in Sources */ = {isa = PBXBuildFile; fileRef = 0340927E7707408B081091F5 /* String+Highlight.swift */; };
		200CA9431075011BF827DEBF /* ContentView.swift in Sources */ = {isa = PBXBuildFile; fileRef = A368A454373DDC15267EC027 /* ContentView.swift */; };
		221F992E9884EC57768DD4B3 /* SearchViewModel.swift in Sources */ = {isa = PBXBuildFile; fileRef = A007D2C70288EF39BE22119F /* SearchViewModel.swift */; };
		2A192CA9B797AFC934383512 /* SettingsView.swift in Sources */ = {isa = PBXBuildFile; fileRef = 34BF31E624E4333D95C25742 /* SettingsView.swift */; };
		2C8B6465DD035271954C111C /* RelatedMemoriesService.swift in Sources */ = {isa = PBXBuildFile; fileRef = 1A8D6333FCFC521500209662 /* RelatedMemoriesService.swift */; };
		36EE7704DBD5A41F28355BF8 /* GRDB in Frameworks */ = {isa = PBXBuildFile; productRef = 66CC7664A6187BFC2124AB41 /* GRDB */; };
		3E725AD3A839923E54999550 /* Localizable.strings in Resources */ = {isa = PBXBuildFile; fileRef = 847B2FA927A68E6322B35FB4 /* Localizable.strings */; };
		3F9093CF2FD46BB9CB4B30C1 /* MemorySource.swift in Sources */ = {isa = PBXBuildFile; fileRef = 80D2C300A89A16428CE40C43 /* MemorySource.swift */; };
		420EB2179B8F813AFE662525 /* TimelineViewModelTests.swift in Sources */ = {isa = PBXBuildFile; fileRef = 1406B40B2DC1C1B5E777F76C /* TimelineViewModelTests.swift */; };
		42E3C5EFFFA37A8301406B5C /* CalendarImporter.swift in Sources */ = {isa = PBXBuildFile; fileRef = 0F93EF1ABFAC70DE8D20BE50 /* CalendarImporter.swift */; };
		43ADDBE8D41BCA208EEB1AE1 /* SemanticSearchTests.swift in Sources */ = {isa = PBXBuildFile; fileRef = 6B1434911418805C69A9231A /* SemanticSearchTests.swift */; };
		443FCF87B1A62DF18A5B53DF /* SyncService.swift in Sources */ = {isa = PBXBuildFile; fileRef = 695874E5BFAFBAD7CE0EC0BC /* SyncService.swift */; };
		4CBDB9EE75BFADAA63E247A9 /* SeedData.swift in Sources */ = {isa = PBXBuildFile; fileRef = 9BAB83E9F626E5F32E9B4F49 /* SeedData.swift */; };
		4DEF92512972662F1A42238F /* PeopleView.swift in Sources */ = {isa = PBXBuildFile; fileRef = 49A890B3971A48115C9E3E76 /* PeopleView.swift */; };
		4EC55CC3CFE5FC4604853C31 /* PhotosImporter.swift in Sources */ = {isa = PBXBuildFile; fileRef = 42522F8B6374E6FE2BB0ACC5 /* PhotosImporter.swift */; };
		4FCC78D5551A8770DCE85E98 /* LLMProviderService.swift in Sources */ = {isa = PBXBuildFile; fileRef = 43C3133691FE3BA22674DA81 /* LLMProviderService.swift */; };
		53B2A6FD99C12C0E7383A606 /* SemanticSearchService.swift in Sources */ = {isa = PBXBuildFile; fileRef = F48B6A3569E37FAB1FE0895E /* SemanticSearchService.swift */; };
		567DAFE46D4DDADCD221009E /* HomeViewModel.swift in Sources */ = {isa = PBXBuildFile; fileRef = 91281C8923E12372616CD7EF /* HomeViewModel.swift */; };
		57B366A483DB5D84AC0939CF /* SearchView.swift in Sources */ = {isa = PBXBuildFile; fileRef = 9A59514D117251B161D645FC /* SearchView.swift */; };
		645DAACE1C4DF99008DE70C3 /* EnvironmentValues+Services.swift in Sources */ = {isa = PBXBuildFile; fileRef = ACB4813B224CBB509B52E772 /* EnvironmentValues+Services.swift */; };
		69BE26AA3D31FEF7FE9E87D2 /* MemoryCardView.swift in Sources */ = {isa = PBXBuildFile; fileRef = E0072CA2541FB1518C1DA2E5 /* MemoryCardView.swift */; };
		6BE6BF9167C24A86A21C79BC /* CloudKitSyncService.swift in Sources */ = {isa = PBXBuildFile; fileRef = 3A5AF668A884D8154CAAEB44 /* CloudKitSyncService.swift */; };
		6E2F115DED7960F605C5FC0F /* Person.swift in Sources */ = {isa = PBXBuildFile; fileRef = DA1D55171B343287B35EA453 /* Person.swift */; };
		730FD73B1BC7168F34E126BD /* Assets.xcassets in Resources */ = {isa = PBXBuildFile; fileRef = 69F4F2994491C55DA6538981 /* Assets.xcassets */; };
		749F44BCD6BA344D6F61D1B0 /* LLMProvider.swift in Sources */ = {isa = PBXBuildFile; fileRef = C02B398CEFF2970BFBE6E890 /* LLMProvider.swift */; };
		79CA783A753ACF46D8040310 /* CKRecord+MemoryItem.swift in Sources */ = {isa = PBXBuildFile; fileRef = 0305C5C4D52C97E95637CCC7 /* CKRecord+MemoryItem.swift */; };
		81BAB0C4541EF1174F53D344 /* MemoryEntity.swift in Sources */ = {isa = PBXBuildFile; fileRef = B3586FB95BBD239FCF4B5544 /* MemoryEntity.swift */; };
		88DD66A3EADB3E5363D66E00 /* TimelineView.swift in Sources */ = {isa = PBXBuildFile; fileRef = F1DB73C873226E1BE1C8CDA7 /* TimelineView.swift */; };
		8DB519733F7E1F87D775894F /* ImportServiceTests.swift in Sources */ = {isa = PBXBuildFile; fileRef = D3ACA9FE69AF8E26CAD04AD8 /* ImportServiceTests.swift */; };
		9C5701AD90B2CFFE10ACBA5E /* AppDatabase.swift in Sources */ = {isa = PBXBuildFile; fileRef = 643B70FECC7E19724C4B9DB8 /* AppDatabase.swift */; };
		9E0005C821066143EE2AB896 /* EntityExtractionTests.swift in Sources */ = {isa = PBXBuildFile; fileRef = E42DCB6F64E747FDAEECB4DA /* EntityExtractionTests.swift */; };
		A02A86F97615CE85F30D435D /* PeopleViewModel.swift in Sources */ = {isa = PBXBuildFile; fileRef = DB7D5665A6165CD5EB760F0E /* PeopleViewModel.swift */; };
		A7F30D016966D480C63C469C /* GRDBMemoryRepository.swift in Sources */ = {isa = PBXBuildFile; fileRef = 3A18B79C0A1639BC0CEB8E63 /* GRDBMemoryRepository.swift */; };
		AFD5A6B604369C441A8B75AC /* MemoryRepository.swift in Sources */ = {isa = PBXBuildFile; fileRef = 0290DD94571CB2AF17E61658 /* MemoryRepository.swift */; };
		B1702AB73A360894F842A9E5 /* GRDB in Frameworks */ = {isa = PBXBuildFile; productRef = 2D91C76C2824F9C2FE8FC300 /* GRDB */; };
		B4BB2652E2B9B7D28EF7F208 /* EmbeddingService.swift in Sources */ = {isa = PBXBuildFile; fileRef = 4001DB8401B0F59F6FFB76B8 /* EmbeddingService.swift */; };
		B4E85A5934500147A30E926C /* AppleProvider.swift in Sources */ = {isa = PBXBuildFile; fileRef = B295E97523CDEB2131669FD6 /* AppleProvider.swift */; };
		B717D12DC10DAFC5AAC6CCA4 /* CreateMemoryView.swift in Sources */ = {isa = PBXBuildFile; fileRef = 202090EEB075994DE92D62E9 /* CreateMemoryView.swift */; };
		BBBABE6B66981F071F8CFB1D /* TimelineViewModel.swift in Sources */ = {isa = PBXBuildFile; fileRef = 9025C3AB9112C39609700DF8 /* TimelineViewModel.swift */; };
		BC693F7F358509D63ED48E3E /* SyncServiceTests.swift in Sources */ = {isa = PBXBuildFile; fileRef = DDBAB97EBA4B8EAB0D098634 /* SyncServiceTests.swift */; };
		C56F4B6ACFA0535E659621BD /* MemoryDetailView.swift in Sources */ = {isa = PBXBuildFile; fileRef = 01C00A5FD657E6895B9AE050 /* MemoryDetailView.swift */; };
		C750A295706EC0FD20DD4B76 /* RelatedMemoriesTests.swift in Sources */ = {isa = PBXBuildFile; fileRef = 2B008C8A758112BF7014F662 /* RelatedMemoriesTests.swift */; };
		C9F7CCD664900E3B2E7AAB33 /* VoiceCaptureView.swift in Sources */ = {isa = PBXBuildFile; fileRef = BD68EC1B51DDAA7F68FA2B15 /* VoiceCaptureView.swift */; };
		D517E3651E2CFB6A1F6E7ADF /* RememberApp.swift in Sources */ = {isa = PBXBuildFile; fileRef = F2DFDE6B7FB231DE247550DA /* RememberApp.swift */; };
		D6E22580B2B283A39E329140 /* HomeView.swift in Sources */ = {isa = PBXBuildFile; fileRef = E3F02A83D6F661CE778FED90 /* HomeView.swift */; };
		D76F09B0DCD90BB36FC7AB22 /* CloudKit.framework in Frameworks */ = {isa = PBXBuildFile; fileRef = 70F0CC2DA3FA9502BAA34D63 /* CloudKit.framework */; };
		DB0FAD715135D804399A5B84 /* FoundationModelsExtractor.swift in Sources */ = {isa = PBXBuildFile; fileRef = BAB11DC5B3DCE52153184F97 /* FoundationModelsExtractor.swift */; };
		DCC6A592512C59564772B771 /* VoiceRecorderService.swift in Sources */ = {isa = PBXBuildFile; fileRef = 8BDE63A32251C14DBB6F6B72 /* VoiceRecorderService.swift */; };
		E19C86D9B786C48AA31AC5E9 /* AppTabView.swift in Sources */ = {isa = PBXBuildFile; fileRef = 94AA8F34252285552296C5E7 /* AppTabView.swift */; };
		E3A684CBA18F07E2F58622CC /* MemoryItem.swift in Sources */ = {isa = PBXBuildFile; fileRef = 0BBDCCBD46D2E71381644B94 /* MemoryItem.swift */; };
		E533622DE53E4D5A18D622CB /* EnvironmentValues+Repository.swift in Sources */ = {isa = PBXBuildFile; fileRef = 757375F11F497D777D4CAFAD /* EnvironmentValues+Repository.swift */; };
		E563BBDF12877B4DA77EE738 /* EntityExtracting.swift in Sources */ = {isa = PBXBuildFile; fileRef = 05B963F5EFF02EB95C904905 /* EntityExtracting.swift */; };
		E6BA2D5224A35D7CC09270F3 /* CaptureMemoryView.swift in Sources */ = {isa = PBXBuildFile; fileRef = 752F9AE8DDBC66D432B0D083 /* CaptureMemoryView.swift */; };
		EB45316DCECE71FAF9753F56 /* L10n.swift in Sources */ = {isa = PBXBuildFile; fileRef = 49C35ABB97EFB9256CAE7061 /* L10n.swift */; };
		F4A326A17EF67D91E39F0406 /* ImportService.swift in Sources */ = {isa = PBXBuildFile; fileRef = 9C0287166EC7386259E5AAF2 /* ImportService.swift */; };
		F63E3BBFCF3DB7BC141D9030 /* MockSyncService.swift in Sources */ = {isa = PBXBuildFile; fileRef = 7211DAE64BEC2A1414EA8315 /* MockSyncService.swift */; };
		F8BEE220CD34385B325EEA51 /* AnswerService.swift in Sources */ = {isa = PBXBuildFile; fileRef = 23B3DD49629D72DAA94243BF /* AnswerService.swift */; };
		F9D7BDC8172311C64F9286A6 /* MemorySidebarView.swift in Sources */ = {isa = PBXBuildFile; fileRef = 31031DDD81C5EB031A6C2976 /* MemorySidebarView.swift */; };
		FA44EBE30E5A2324583B2946 /* APIKeyStore.swift in Sources */ = {isa = PBXBuildFile; fileRef = A4021959B95DA0E76EB507A7 /* APIKeyStore.swift */; };
		FBB6E26A8235FC4E2A742E7F /* SourceImporter.swift in Sources */ = {isa = PBXBuildFile; fileRef = 105139FFFB8F9E824AF2B30C /* SourceImporter.swift */; };
		FCA57C72BA833F0A93FABAA8 /* Migrations.swift in Sources */ = {isa = PBXBuildFile; fileRef = 6DD93B6DDD464D7FA0D30B15 /* Migrations.swift */; };
		FE34CD7F2F3A1791E6275447 /* EntityExtractionService.swift in Sources */ = {isa = PBXBuildFile; fileRef = AABCDB7EDC0C9679F495BA6B /* EntityExtractionService.swift */; };
/* End PBXBuildFile section */

/* Begin PBXContainerItemProxy section */
		4170BB33E158BAE95D585A5B /* PBXContainerItemProxy */ = {
			isa = PBXContainerItemProxy;
			containerPortal = 4F4365EB866668773C1796E1 /* Project object */;
			proxyType = 1;
			remoteGlobalIDString = C6B6D6461D0F67BEAFCB3584;
			remoteInfo = Remember;
		};
/* End PBXContainerItemProxy section */

/* Begin PBXFileReference section */
		01B08555B5C169DE76A98305 /* MemoryRepositoryTests.swift */ = {isa = PBXFileReference; lastKnownFileType = sourcecode.swift; path = MemoryRepositoryTests.swift; sourceTree = "<group>"; };
		01C00A5FD657E6895B9AE050 /* MemoryDetailView.swift */ = {isa = PBXFileReference; lastKnownFileType = sourcecode.swift; path = MemoryDetailView.swift; sourceTree = "<group>"; };
		0290DD94571CB2AF17E61658 /* MemoryRepository.swift */ = {isa = PBXFileReference; lastKnownFileType = sourcecode.swift; path = MemoryRepository.swift; sourceTree = "<group>"; };
		0305C5C4D52C97E95637CCC7 /* CKRecord+MemoryItem.swift */ = {isa = PBXFileReference; lastKnownFileType = sourcecode.swift; path = "CKRecord+MemoryItem.swift"; sourceTree = "<group>"; };
		0340927E7707408B081091F5 /* String+Highlight.swift */ = {isa = PBXFileReference; lastKnownFileType = sourcecode.swift; path = "String+Highlight.swift"; sourceTree = "<group>"; };
		05B963F5EFF02EB95C904905 /* EntityExtracting.swift */ = {isa = PBXFileReference; lastKnownFileType = sourcecode.swift; path = EntityExtracting.swift; sourceTree = "<group>"; };
		0BBDCCBD46D2E71381644B94 /* MemoryItem.swift */ = {isa = PBXFileReference; lastKnownFileType = sourcecode.swift; path = MemoryItem.swift; sourceTree = "<group>"; };
		0F93EF1ABFAC70DE8D20BE50 /* CalendarImporter.swift */ = {isa = PBXFileReference; lastKnownFileType = sourcecode.swift; path = CalendarImporter.swift; sourceTree = "<group>"; };
		105139FFFB8F9E824AF2B30C /* SourceImporter.swift */ = {isa = PBXFileReference; lastKnownFileType = sourcecode.swift; path = SourceImporter.swift; sourceTree = "<group>"; };
		1406B40B2DC1C1B5E777F76C /* TimelineViewModelTests.swift */ = {isa = PBXFileReference; lastKnownFileType = sourcecode.swift; path = TimelineViewModelTests.swift; sourceTree = "<group>"; };
		1A8D6333FCFC521500209662 /* RelatedMemoriesService.swift */ = {isa = PBXFileReference; lastKnownFileType = sourcecode.swift; path = RelatedMemoriesService.swift; sourceTree = "<group>"; };
		202090EEB075994DE92D62E9 /* CreateMemoryView.swift */ = {isa = PBXFileReference; lastKnownFileType = sourcecode.swift; path = CreateMemoryView.swift; sourceTree = "<group>"; };
		23B3DD49629D72DAA94243BF /* AnswerService.swift */ = {isa = PBXFileReference; lastKnownFileType = sourcecode.swift; path = AnswerService.swift; sourceTree = "<group>"; };
		2B008C8A758112BF7014F662 /* RelatedMemoriesTests.swift */ = {isa = PBXFileReference; lastKnownFileType = sourcecode.swift; path = RelatedMemoriesTests.swift; sourceTree = "<group>"; };
		31031DDD81C5EB031A6C2976 /* MemorySidebarView.swift */ = {isa = PBXFileReference; lastKnownFileType = sourcecode.swift; path = MemorySidebarView.swift; sourceTree = "<group>"; };
		34BF31E624E4333D95C25742 /* SettingsView.swift */ = {isa = PBXFileReference; lastKnownFileType = sourcecode.swift; path = SettingsView.swift; sourceTree = "<group>"; };
		3A18B79C0A1639BC0CEB8E63 /* GRDBMemoryRepository.swift */ = {isa = PBXFileReference; lastKnownFileType = sourcecode.swift; path = GRDBMemoryRepository.swift; sourceTree = "<group>"; };
		3A5AF668A884D8154CAAEB44 /* CloudKitSyncService.swift */ = {isa = PBXFileReference; lastKnownFileType = sourcecode.swift; path = CloudKitSyncService.swift; sourceTree = "<group>"; };
		4001DB8401B0F59F6FFB76B8 /* EmbeddingService.swift */ = {isa = PBXFileReference; lastKnownFileType = sourcecode.swift; path = EmbeddingService.swift; sourceTree = "<group>"; };
		42522F8B6374E6FE2BB0ACC5 /* PhotosImporter.swift */ = {isa = PBXFileReference; lastKnownFileType = sourcecode.swift; path = PhotosImporter.swift; sourceTree = "<group>"; };
		43C3133691FE3BA22674DA81 /* LLMProviderService.swift */ = {isa = PBXFileReference; lastKnownFileType = sourcecode.swift; path = LLMProviderService.swift; sourceTree = "<group>"; };
		482D137F5EC48B95451B7F04 /* Remember.app */ = {isa = PBXFileReference; explicitFileType = wrapper.application; includeInIndex = 0; path = Remember.app; sourceTree = BUILT_PRODUCTS_DIR; };
		49A890B3971A48115C9E3E76 /* PeopleView.swift */ = {isa = PBXFileReference; lastKnownFileType = sourcecode.swift; path = PeopleView.swift; sourceTree = "<group>"; };
		49C35ABB97EFB9256CAE7061 /* L10n.swift */ = {isa = PBXFileReference; lastKnownFileType = sourcecode.swift; path = L10n.swift; sourceTree = "<group>"; };
		5FFD15F8E953E90FF9369C3B /* Info.plist */ = {isa = PBXFileReference; lastKnownFileType = text.plist; path = Info.plist; sourceTree = "<group>"; };
		643B70FECC7E19724C4B9DB8 /* AppDatabase.swift */ = {isa = PBXFileReference; lastKnownFileType = sourcecode.swift; path = AppDatabase.swift; sourceTree = "<group>"; };
		695874E5BFAFBAD7CE0EC0BC /* SyncService.swift */ = {isa = PBXFileReference; lastKnownFileType = sourcecode.swift; path = SyncService.swift; sourceTree = "<group>"; };
		69F4F2994491C55DA6538981 /* Assets.xcassets */ = {isa = PBXFileReference; lastKnownFileType = folder.assetcatalog; path = Assets.xcassets; sourceTree = "<group>"; };
		6B1434911418805C69A9231A /* SemanticSearchTests.swift */ = {isa = PBXFileReference; lastKnownFileType = sourcecode.swift; path = SemanticSearchTests.swift; sourceTree = "<group>"; };
		6DD93B6DDD464D7FA0D30B15 /* Migrations.swift */ = {isa = PBXFileReference; lastKnownFileType = sourcecode.swift; path = Migrations.swift; sourceTree = "<group>"; };
		70F0CC2DA3FA9502BAA34D63 /* CloudKit.framework */ = {isa = PBXFileReference; lastKnownFileType = wrapper.framework; name = CloudKit.framework; path = System/Library/Frameworks/CloudKit.framework; sourceTree = SDKROOT; };
		7211DAE64BEC2A1414EA8315 /* MockSyncService.swift */ = {isa = PBXFileReference; lastKnownFileType = sourcecode.swift; path = MockSyncService.swift; sourceTree = "<group>"; };
		752F9AE8DDBC66D432B0D083 /* CaptureMemoryView.swift */ = {isa = PBXFileReference; lastKnownFileType = sourcecode.swift; path = CaptureMemoryView.swift; sourceTree = "<group>"; };
		757375F11F497D777D4CAFAD /* EnvironmentValues+Repository.swift */ = {isa = PBXFileReference; lastKnownFileType = sourcecode.swift; path = "EnvironmentValues+Repository.swift"; sourceTree = "<group>"; };
		7E5A327BF7629CB569BC140B /* RememberTests.xctest */ = {isa = PBXFileReference; explicitFileType = wrapper.cfbundle; includeInIndex = 0; path = RememberTests.xctest; sourceTree = BUILT_PRODUCTS_DIR; };
		80D2C300A89A16428CE40C43 /* MemorySource.swift */ = {isa = PBXFileReference; lastKnownFileType = sourcecode.swift; path = MemorySource.swift; sourceTree = "<group>"; };
		8BDE63A32251C14DBB6F6B72 /* VoiceRecorderService.swift */ = {isa = PBXFileReference; lastKnownFileType = sourcecode.swift; path = VoiceRecorderService.swift; sourceTree = "<group>"; };
		8DF391703F1C0CD71CE75C9E /* ru */ = {isa = PBXFileReference; lastKnownFileType = text.plist.strings; name = ru; path = ru.lproj/Localizable.strings; sourceTree = "<group>"; };
		9025C3AB9112C39609700DF8 /* TimelineViewModel.swift */ = {isa = PBXFileReference; lastKnownFileType = sourcecode.swift; path = TimelineViewModel.swift; sourceTree = "<group>"; };
		91281C8923E12372616CD7EF /* HomeViewModel.swift */ = {isa = PBXFileReference; lastKnownFileType = sourcecode.swift; path = HomeViewModel.swift; sourceTree = "<group>"; };
		94AA8F34252285552296C5E7 /* AppTabView.swift */ = {isa = PBXFileReference; lastKnownFileType = sourcecode.swift; path = AppTabView.swift; sourceTree = "<group>"; };
		9A59514D117251B161D645FC /* SearchView.swift */ = {isa = PBXFileReference; lastKnownFileType = sourcecode.swift; path = SearchView.swift; sourceTree = "<group>"; };
		9BAB83E9F626E5F32E9B4F49 /* SeedData.swift */ = {isa = PBXFileReference; lastKnownFileType = sourcecode.swift; path = SeedData.swift; sourceTree = "<group>"; };
		9C0287166EC7386259E5AAF2 /* ImportService.swift */ = {isa = PBXFileReference; lastKnownFileType = sourcecode.swift; path = ImportService.swift; sourceTree = "<group>"; };
		A007D2C70288EF39BE22119F /* SearchViewModel.swift */ = {isa = PBXFileReference; lastKnownFileType = sourcecode.swift; path = SearchViewModel.swift; sourceTree = "<group>"; };
		A368A454373DDC15267EC027 /* ContentView.swift */ = {isa = PBXFileReference; lastKnownFileType = sourcecode.swift; path = ContentView.swift; sourceTree = "<group>"; };
		A4021959B95DA0E76EB507A7 /* APIKeyStore.swift */ = {isa = PBXFileReference; lastKnownFileType = sourcecode.swift; path = APIKeyStore.swift; sourceTree = "<group>"; };
		AABCDB7EDC0C9679F495BA6B /* EntityExtractionService.swift */ = {isa = PBXFileReference; lastKnownFileType = sourcecode.swift; path = EntityExtractionService.swift; sourceTree = "<group>"; };
		ACB4813B224CBB509B52E772 /* EnvironmentValues+Services.swift */ = {isa = PBXFileReference; lastKnownFileType = sourcecode.swift; path = "EnvironmentValues+Services.swift"; sourceTree = "<group>"; };
		B295E97523CDEB2131669FD6 /* AppleProvider.swift */ = {isa = PBXFileReference; lastKnownFileType = sourcecode.swift; path = AppleProvider.swift; sourceTree = "<group>"; };
		B3586FB95BBD239FCF4B5544 /* MemoryEntity.swift */ = {isa = PBXFileReference; lastKnownFileType = sourcecode.swift; path = MemoryEntity.swift; sourceTree = "<group>"; };
		BAB11DC5B3DCE52153184F97 /* FoundationModelsExtractor.swift */ = {isa = PBXFileReference; lastKnownFileType = sourcecode.swift; path = FoundationModelsExtractor.swift; sourceTree = "<group>"; };
		BD68EC1B51DDAA7F68FA2B15 /* VoiceCaptureView.swift */ = {isa = PBXFileReference; lastKnownFileType = sourcecode.swift; path = VoiceCaptureView.swift; sourceTree = "<group>"; };
		C02B398CEFF2970BFBE6E890 /* LLMProvider.swift */ = {isa = PBXFileReference; lastKnownFileType = sourcecode.swift; path = LLMProvider.swift; sourceTree = "<group>"; };
		D3ACA9FE69AF8E26CAD04AD8 /* ImportServiceTests.swift */ = {isa = PBXFileReference; lastKnownFileType = sourcecode.swift; path = ImportServiceTests.swift; sourceTree = "<group>"; };
		DA1D55171B343287B35EA453 /* Person.swift */ = {isa = PBXFileReference; lastKnownFileType = sourcecode.swift; path = Person.swift; sourceTree = "<group>"; };
		DB7D5665A6165CD5EB760F0E /* PeopleViewModel.swift */ = {isa = PBXFileReference; lastKnownFileType = sourcecode.swift; path = PeopleViewModel.swift; sourceTree = "<group>"; };
		DDBAB97EBA4B8EAB0D098634 /* SyncServiceTests.swift */ = {isa = PBXFileReference; lastKnownFileType = sourcecode.swift; path = SyncServiceTests.swift; sourceTree = "<group>"; };
		E0072CA2541FB1518C1DA2E5 /* MemoryCardView.swift */ = {isa = PBXFileReference; lastKnownFileType = sourcecode.swift; path = MemoryCardView.swift; sourceTree = "<group>"; };
		E3F02A83D6F661CE778FED90 /* HomeView.swift */ = {isa = PBXFileReference; lastKnownFileType = sourcecode.swift; path = HomeView.swift; sourceTree = "<group>"; };
		E42DCB6F64E747FDAEECB4DA /* EntityExtractionTests.swift */ = {isa = PBXFileReference; lastKnownFileType = sourcecode.swift; path = EntityExtractionTests.swift; sourceTree = "<group>"; };
		F1DB73C873226E1BE1C8CDA7 /* TimelineView.swift */ = {isa = PBXFileReference; lastKnownFileType = sourcecode.swift; path = TimelineView.swift; sourceTree = "<group>"; };
		F2DFDE6B7FB231DE247550DA /* RememberApp.swift */ = {isa = PBXFileReference; lastKnownFileType = sourcecode.swift; path = RememberApp.swift; sourceTree = "<group>"; };
		F48B6A3569E37FAB1FE0895E /* SemanticSearchService.swift */ = {isa = PBXFileReference; lastKnownFileType = sourcecode.swift; path = SemanticSearchService.swift; sourceTree = "<group>"; };
		F97F9D564EAF947EE8B336E2 /* OpenAIProvider.swift */ = {isa = PBXFileReference; lastKnownFileType = sourcecode.swift; path = OpenAIProvider.swift; sourceTree = "<group>"; };
		CC2B3C4D5E6F7A8B9C0D1E2F /* ClaudeProvider.swift */ = {isa = PBXFileReference; lastKnownFileType = sourcecode.swift; path = ClaudeProvider.swift; sourceTree = "<group>"; };
		DD2B3C4D5E6F7A8B9C0D1E2F /* GeminiProvider.swift */ = {isa = PBXFileReference; lastKnownFileType = sourcecode.swift; path = GeminiProvider.swift; sourceTree = "<group>"; };
		FEF5F3C9FFEBACB5EF2ADD39 /* en */ = {isa = PBXFileReference; lastKnownFileType = text.plist.strings; name = en; path = en.lproj/Localizable.strings; sourceTree = "<group>"; };
/* End PBXFileReference section */

/* Begin PBXFrameworksBuildPhase section */
		1D1073999299FC3F600FD4AD /* Frameworks */ = {
			isa = PBXFrameworksBuildPhase;
			buildActionMask = 2147483647;
			files = (
				B1702AB73A360894F842A9E5 /* GRDB in Frameworks */,
				D76F09B0DCD90BB36FC7AB22 /* CloudKit.framework in Frameworks */,
			);
			runOnlyForDeploymentPostprocessing = 0;
		};
		F657F5E2E9CFFDCDE2187049 /* Frameworks */ = {
			isa = PBXFrameworksBuildPhase;
			buildActionMask = 2147483647;
			files = (
				36EE7704DBD5A41F28355BF8 /* GRDB in Frameworks */,
			);
			runOnlyForDeploymentPostprocessing = 0;
		};
/* End PBXFrameworksBuildPhase section */

/* Begin PBXGroup section */
		0107990B044122FAFBCE2020 /* Migrations */ = {
			isa = PBXGroup;
			children = (
				6DD93B6DDD464D7FA0D30B15 /* Migrations.swift */,
			);
			path = Migrations;
			sourceTree = "<group>";
		};
		0271739B3D00FE3876AFD68C /* Products */ = {
			isa = PBXGroup;
			children = (
				482D137F5EC48B95451B7F04 /* Remember.app */,
				7E5A327BF7629CB569BC140B /* RememberTests.xctest */,
			);
			name = Products;
			sourceTree = "<group>";
		};
		058C30240AFA80B896ECA540 /* Repositories */ = {
			isa = PBXGroup;
			children = (
				3A18B79C0A1639BC0CEB8E63 /* GRDBMemoryRepository.swift */,
			);
			path = Repositories;
			sourceTree = "<group>";
		};
		07CE888FF404D7C1ACABADD0 /* Sync */ = {
			isa = PBXGroup;
			children = (
				0305C5C4D52C97E95637CCC7 /* CKRecord+MemoryItem.swift */,
				3A5AF668A884D8154CAAEB44 /* CloudKitSyncService.swift */,
				695874E5BFAFBAD7CE0EC0BC /* SyncService.swift */,
			);
			path = Sync;
			sourceTree = "<group>";
		};
		08FE4EB32C88E1F3005CFB2E /* LLM */ = {
			isa = PBXGroup;
			children = (
				A4021959B95DA0E76EB507A7 /* APIKeyStore.swift */,
				B295E97523CDEB2131669FD6 /* AppleProvider.swift */,
				CC2B3C4D5E6F7A8B9C0D1E2F /* ClaudeProvider.swift */,
				DD2B3C4D5E6F7A8B9C0D1E2F /* GeminiProvider.swift */,
				C02B398CEFF2970BFBE6E890 /* LLMProvider.swift */,
				43C3133691FE3BA22674DA81 /* LLMProviderService.swift */,
				F97F9D564EAF947EE8B336E2 /* OpenAIProvider.swift */,
			);
			path = LLM;
			sourceTree = "<group>";
		};
		151C140C3191CD789CDFA253 /* Frameworks */ = {
			isa = PBXGroup;
			children = (
				70F0CC2DA3FA9502BAA34D63 /* CloudKit.framework */,
			);
			name = Frameworks;
			sourceTree = "<group>";
		};
		1568BB7727454CDE24F4E3C2 /* Mocks */ = {
			isa = PBXGroup;
			children = (
				7211DAE64BEC2A1414EA8315 /* MockSyncService.swift */,
			);
			path = Mocks;
			sourceTree = "<group>";
		};
		17C295DD57A719F154B0232F /* Remember */ = {
			isa = PBXGroup;
			children = (
				4D3B476E895F5148785F43ED /* AI */,
				D85E15CA66A54952AC500E02 /* App */,
				B36C3DE9BE2A8586201F6405 /* Domain */,
				A9283B778669CACF12FF4B88 /* Features */,
				F01A93AED132B1832BDFF4A2 /* Resources */,
				919F9A9EE64A93104BCA640A /* Services */,
				3BA8D1E373FEB0907E5BE19B /* Shared */,
				B1FB32912E04CF5108E6158B /* Storage */,
				69F4F2994491C55DA6538981 /* Assets.xcassets */,
				A368A454373DDC15267EC027 /* ContentView.swift */,
				5FFD15F8E953E90FF9369C3B /* Info.plist */,
				F2DFDE6B7FB231DE247550DA /* RememberApp.swift */,
			);
			path = Remember;
			sourceTree = "<group>";
		};
		3BA8D1E373FEB0907E5BE19B /* Shared */ = {
			isa = PBXGroup;
			children = (
				757375F11F497D777D4CAFAD /* EnvironmentValues+Repository.swift */,
				ACB4813B224CBB509B52E772 /* EnvironmentValues+Services.swift */,
				49C35ABB97EFB9256CAE7061 /* L10n.swift */,
				0340927E7707408B081091F5 /* String+Highlight.swift */,
			);
			path = Shared;
			sourceTree = "<group>";
		};
		4D3B476E895F5148785F43ED /* AI */ = {
			isa = PBXGroup;
			children = (
				08FE4EB32C88E1F3005CFB2E /* LLM */,
				23B3DD49629D72DAA94243BF /* AnswerService.swift */,
				4001DB8401B0F59F6FFB76B8 /* EmbeddingService.swift */,
				05B963F5EFF02EB95C904905 /* EntityExtracting.swift */,
				AABCDB7EDC0C9679F495BA6B /* EntityExtractionService.swift */,
				BAB11DC5B3DCE52153184F97 /* FoundationModelsExtractor.swift */,
				1A8D6333FCFC521500209662 /* RelatedMemoriesService.swift */,
				F48B6A3569E37FAB1FE0895E /* SemanticSearchService.swift */,
			);
			path = AI;
			sourceTree = "<group>";
		};
		547A56D9819FF1D44E5C9AD3 /* Search */ = {
			isa = PBXGroup;
			children = (
				202090EEB075994DE92D62E9 /* CreateMemoryView.swift */,
				E0072CA2541FB1518C1DA2E5 /* MemoryCardView.swift */,
				9A59514D117251B161D645FC /* SearchView.swift */,
				A007D2C70288EF39BE22119F /* SearchViewModel.swift */,
			);
			path = Search;
			sourceTree = "<group>";
		};
		60B8E01E96305194C723479F /* RememberTests */ = {
			isa = PBXGroup;
			children = (
				1568BB7727454CDE24F4E3C2 /* Mocks */,
				E42DCB6F64E747FDAEECB4DA /* EntityExtractionTests.swift */,
				D3ACA9FE69AF8E26CAD04AD8 /* ImportServiceTests.swift */,
				01B08555B5C169DE76A98305 /* MemoryRepositoryTests.swift */,
				2B008C8A758112BF7014F662 /* RelatedMemoriesTests.swift */,
				6B1434911418805C69A9231A /* SemanticSearchTests.swift */,
				DDBAB97EBA4B8EAB0D098634 /* SyncServiceTests.swift */,
				1406B40B2DC1C1B5E777F76C /* TimelineViewModelTests.swift */,
			);
			path = RememberTests;
			sourceTree = "<group>";
		};
		71F9022A320C65CEAA95688D = {
			isa = PBXGroup;
			children = (
				17C295DD57A719F154B0232F /* Remember */,
				60B8E01E96305194C723479F /* RememberTests */,
				151C140C3191CD789CDFA253 /* Frameworks */,
				0271739B3D00FE3876AFD68C /* Products */,
			);
			sourceTree = "<group>";
		};
		77780475ED8ADACA54E1ADD2 /* Database */ = {
			isa = PBXGroup;
			children = (
				643B70FECC7E19724C4B9DB8 /* AppDatabase.swift */,
				9BAB83E9F626E5F32E9B4F49 /* SeedData.swift */,
			);
			path = Database;
			sourceTree = "<group>";
		};
		7D1C9C9CB330FAE98A4F6490 /* Timeline */ = {
			isa = PBXGroup;
			children = (
				F1DB73C873226E1BE1C8CDA7 /* TimelineView.swift */,
				9025C3AB9112C39609700DF8 /* TimelineViewModel.swift */,
			);
			path = Timeline;
			sourceTree = "<group>";
		};
		919F9A9EE64A93104BCA640A /* Services */ = {
			isa = PBXGroup;
			children = (
				D34D60A2DC92048D2976D009 /* Import */,
				07CE888FF404D7C1ACABADD0 /* Sync */,
				D22F42CF41770BA42F581C3A /* Voice */,
			);
			path = Services;
			sourceTree = "<group>";
		};
		99837A1ABCA1AF07C06D9930 /* Memory */ = {
			isa = PBXGroup;
			children = (
				752F9AE8DDBC66D432B0D083 /* CaptureMemoryView.swift */,
				01C00A5FD657E6895B9AE050 /* MemoryDetailView.swift */,
				BD68EC1B51DDAA7F68FA2B15 /* VoiceCaptureView.swift */,
			);
			path = Memory;
			sourceTree = "<group>";
		};
		A34ABFAB7659CD2095F0FD4D /* Memory */ = {
			isa = PBXGroup;
			children = (
				B3586FB95BBD239FCF4B5544 /* MemoryEntity.swift */,
				0BBDCCBD46D2E71381644B94 /* MemoryItem.swift */,
				0290DD94571CB2AF17E61658 /* MemoryRepository.swift */,
				80D2C300A89A16428CE40C43 /* MemorySource.swift */,
			);
			path = Memory;
			sourceTree = "<group>";
		};
		A9283B778669CACF12FF4B88 /* Features */ = {
			isa = PBXGroup;
			children = (
				AB7A5ACBC2DC6B6DF9895067 /* Home */,
				99837A1ABCA1AF07C06D9930 /* Memory */,
				F8EA2B744550F23E14A9C6EB /* People */,
				547A56D9819FF1D44E5C9AD3 /* Search */,
				E990E8E73AF04EC2D8ED073B /* Settings */,
				7D1C9C9CB330FAE98A4F6490 /* Timeline */,
			);
			path = Features;
			sourceTree = "<group>";
		};
		AB7A5ACBC2DC6B6DF9895067 /* Home */ = {
			isa = PBXGroup;
			children = (
				E3F02A83D6F661CE778FED90 /* HomeView.swift */,
				91281C8923E12372616CD7EF /* HomeViewModel.swift */,
				31031DDD81C5EB031A6C2976 /* MemorySidebarView.swift */,
			);
			path = Home;
			sourceTree = "<group>";
		};
		B1FB32912E04CF5108E6158B /* Storage */ = {
			isa = PBXGroup;
			children = (
				77780475ED8ADACA54E1ADD2 /* Database */,
				0107990B044122FAFBCE2020 /* Migrations */,
				058C30240AFA80B896ECA540 /* Repositories */,
			);
			path = Storage;
			sourceTree = "<group>";
		};
		B36C3DE9BE2A8586201F6405 /* Domain */ = {
			isa = PBXGroup;
			children = (
				A34ABFAB7659CD2095F0FD4D /* Memory */,
				B7CE1A106CBB086BB8F938B5 /* People */,
			);
			path = Domain;
			sourceTree = "<group>";
		};
		B7CE1A106CBB086BB8F938B5 /* People */ = {
			isa = PBXGroup;
			children = (
				DA1D55171B343287B35EA453 /* Person.swift */,
			);
			path = People;
			sourceTree = "<group>";
		};
		D22F42CF41770BA42F581C3A /* Voice */ = {
			isa = PBXGroup;
			children = (
				8BDE63A32251C14DBB6F6B72 /* VoiceRecorderService.swift */,
			);
			path = Voice;
			sourceTree = "<group>";
		};
		D34D60A2DC92048D2976D009 /* Import */ = {
			isa = PBXGroup;
			children = (
				0F93EF1ABFAC70DE8D20BE50 /* CalendarImporter.swift */,
				9C0287166EC7386259E5AAF2 /* ImportService.swift */,
				42522F8B6374E6FE2BB0ACC5 /* PhotosImporter.swift */,
				105139FFFB8F9E824AF2B30C /* SourceImporter.swift */,
			);
			path = Import;
			sourceTree = "<group>";
		};
		D85E15CA66A54952AC500E02 /* App */ = {
			isa = PBXGroup;
			children = (
				94AA8F34252285552296C5E7 /* AppTabView.swift */,
			);
			path = App;
			sourceTree = "<group>";
		};
		E990E8E73AF04EC2D8ED073B /* Settings */ = {
			isa = PBXGroup;
			children = (
				34BF31E624E4333D95C25742 /* SettingsView.swift */,
			);
			path = Settings;
			sourceTree = "<group>";
		};
		F01A93AED132B1832BDFF4A2 /* Resources */ = {
			isa = PBXGroup;
			children = (
				847B2FA927A68E6322B35FB4 /* Localizable.strings */,
			);
			path = Resources;
			sourceTree = "<group>";
		};
		F8EA2B744550F23E14A9C6EB /* People */ = {
			isa = PBXGroup;
			children = (
				49A890B3971A48115C9E3E76 /* PeopleView.swift */,
				DB7D5665A6165CD5EB760F0E /* PeopleViewModel.swift */,
			);
			path = People;
			sourceTree = "<group>";
		};
/* End PBXGroup section */

/* Begin PBXNativeTarget section */
		9F2487D185280D6F8436F2B2 /* RememberTests */ = {
			isa = PBXNativeTarget;
			buildConfigurationList = 9F5218CA9640B03E8D0497D0 /* Build configuration list for PBXNativeTarget "RememberTests" */;
			buildPhases = (
				2B5E955D1519F73349234D60 /* Sources */,
				F657F5E2E9CFFDCDE2187049 /* Frameworks */,
			);
			buildRules = (
			);
			dependencies = (
				C15B5805285A776CF2B453B9 /* PBXTargetDependency */,
			);
			name = RememberTests;
			packageProductDependencies = (
				66CC7664A6187BFC2124AB41 /* GRDB */,
			);
			productName = RememberTests;
			productReference = 7E5A327BF7629CB569BC140B /* RememberTests.xctest */;
			productType = "com.apple.product-type.bundle.unit-test";
		};
		C6B6D6461D0F67BEAFCB3584 /* Remember */ = {
			isa = PBXNativeTarget;
			buildConfigurationList = A4CC2D3F78C827BE03355E77 /* Build configuration list for PBXNativeTarget "Remember" */;
			buildPhases = (
				5CA2F63B6D31CEF6C9486F17 /* Sources */,
				C0730A1EC138165EC2050F60 /* Resources */,
				1D1073999299FC3F600FD4AD /* Frameworks */,
			);
			buildRules = (
			);
			dependencies = (
			);
			name = Remember;
			packageProductDependencies = (
				2D91C76C2824F9C2FE8FC300 /* GRDB */,
			);
			productName = Remember;
			productReference = 482D137F5EC48B95451B7F04 /* Remember.app */;
			productType = "com.apple.product-type.application";
		};
/* End PBXNativeTarget section */

/* Begin PBXProject section */
		4F4365EB866668773C1796E1 /* Project object */ = {
			isa = PBXProject;
			attributes = {
				LastUpgradeCheck = 1600;
			};
			buildConfigurationList = E4028934E8C90C76611BD267 /* Build configuration list for PBXProject "Remember" */;
			compatibilityVersion = "Xcode 11.0";
			developmentRegion = en;
			hasScannedForEncodings = 0;
			knownRegions = (
				Base,
				en,
				ru,
			);
			mainGroup = 71F9022A320C65CEAA95688D;
			packageReferences = (
				5A2C9931ACE077C66DB5D33A /* XCRemoteSwiftPackageReference "GRDB" */,
			);
			projectDirPath = "";
			projectRoot = "";
			targets = (
				C6B6D6461D0F67BEAFCB3584 /* Remember */,
				9F2487D185280D6F8436F2B2 /* RememberTests */,
			);
		};
/* End PBXProject section */

/* Begin PBXResourcesBuildPhase section */
		C0730A1EC138165EC2050F60 /* Resources */ = {
			isa = PBXResourcesBuildPhase;
			buildActionMask = 2147483647;
			files = (
				730FD73B1BC7168F34E126BD /* Assets.xcassets in Resources */,
				3E725AD3A839923E54999550 /* Localizable.strings in Resources */,
			);
			runOnlyForDeploymentPostprocessing = 0;
		};
/* End PBXResourcesBuildPhase section */

/* Begin PBXSourcesBuildPhase section */
		2B5E955D1519F73349234D60 /* Sources */ = {
			isa = PBXSourcesBuildPhase;
			buildActionMask = 2147483647;
			files = (
				9E0005C821066143EE2AB896 /* EntityExtractionTests.swift in Sources */,
				8DB519733F7E1F87D775894F /* ImportServiceTests.swift in Sources */,
				1390E0489F58DB84781606D8 /* MemoryRepositoryTests.swift in Sources */,
				F63E3BBFCF3DB7BC141D9030 /* MockSyncService.swift in Sources */,
				C750A295706EC0FD20DD4B76 /* RelatedMemoriesTests.swift in Sources */,
				43ADDBE8D41BCA208EEB1AE1 /* SemanticSearchTests.swift in Sources */,
				BC693F7F358509D63ED48E3E /* SyncServiceTests.swift in Sources */,
				420EB2179B8F813AFE662525 /* TimelineViewModelTests.swift in Sources */,
			);
			runOnlyForDeploymentPostprocessing = 0;
		};
		5CA2F63B6D31CEF6C9486F17 /* Sources */ = {
			isa = PBXSourcesBuildPhase;
			buildActionMask = 2147483647;
			files = (
				FA44EBE30E5A2324583B2946 /* APIKeyStore.swift in Sources */,
				F8BEE220CD34385B325EEA51 /* AnswerService.swift in Sources */,
				9C5701AD90B2CFFE10ACBA5E /* AppDatabase.swift in Sources */,
				E19C86D9B786C48AA31AC5E9 /* AppTabView.swift in Sources */,
				B4E85A5934500147A30E926C /* AppleProvider.swift in Sources */,
				79CA783A753ACF46D8040310 /* CKRecord+MemoryItem.swift in Sources */,
				42E3C5EFFFA37A8301406B5C /* CalendarImporter.swift in Sources */,
				E6BA2D5224A35D7CC09270F3 /* CaptureMemoryView.swift in Sources */,
				6BE6BF9167C24A86A21C79BC /* CloudKitSyncService.swift in Sources */,
				200CA9431075011BF827DEBF /* ContentView.swift in Sources */,
				B717D12DC10DAFC5AAC6CCA4 /* CreateMemoryView.swift in Sources */,
				B4BB2652E2B9B7D28EF7F208 /* EmbeddingService.swift in Sources */,
				E563BBDF12877B4DA77EE738 /* EntityExtracting.swift in Sources */,
				FE34CD7F2F3A1791E6275447 /* EntityExtractionService.swift in Sources */,
				E533622DE53E4D5A18D622CB /* EnvironmentValues+Repository.swift in Sources */,
				645DAACE1C4DF99008DE70C3 /* EnvironmentValues+Services.swift in Sources */,
				DB0FAD715135D804399A5B84 /* FoundationModelsExtractor.swift in Sources */,
				A7F30D016966D480C63C469C /* GRDBMemoryRepository.swift in Sources */,
				D6E22580B2B283A39E329140 /* HomeView.swift in Sources */,
				567DAFE46D4DDADCD221009E /* HomeViewModel.swift in Sources */,
				F4A326A17EF67D91E39F0406 /* ImportService.swift in Sources */,
				EB45316DCECE71FAF9753F56 /* L10n.swift in Sources */,
				749F44BCD6BA344D6F61D1B0 /* LLMProvider.swift in Sources */,
				4FCC78D5551A8770DCE85E98 /* LLMProviderService.swift in Sources */,
				69BE26AA3D31FEF7FE9E87D2 /* MemoryCardView.swift in Sources */,
				C56F4B6ACFA0535E659621BD /* MemoryDetailView.swift in Sources */,
				81BAB0C4541EF1174F53D344 /* MemoryEntity.swift in Sources */,
				E3A684CBA18F07E2F58622CC /* MemoryItem.swift in Sources */,
				AFD5A6B604369C441A8B75AC /* MemoryRepository.swift in Sources */,
				F9D7BDC8172311C64F9286A6 /* MemorySidebarView.swift in Sources */,
				3F9093CF2FD46BB9CB4B30C1 /* MemorySource.swift in Sources */,
				FCA57C72BA833F0A93FABAA8 /* Migrations.swift in Sources */,
				13FA2157C6B1826D7E74A311 /* OpenAIProvider.swift in Sources */,
				CC1A2B3D4E5F6A7B8C9D0E1F /* ClaudeProvider.swift in Sources */,
				DD1A2B3D4E5F6A7B8C9D0E1F /* GeminiProvider.swift in Sources */,
				4DEF92512972662F1A42238F /* PeopleView.swift in Sources */,
				A02A86F97615CE85F30D435D /* PeopleViewModel.swift in Sources */,
				6E2F115DED7960F605C5FC0F /* Person.swift in Sources */,
				4EC55CC3CFE5FC4604853C31 /* PhotosImporter.swift in Sources */,
				2C8B6465DD035271954C111C /* RelatedMemoriesService.swift in Sources */,
				D517E3651E2CFB6A1F6E7ADF /* RememberApp.swift in Sources */,
				57B366A483DB5D84AC0939CF /* SearchView.swift in Sources */,
				221F992E9884EC57768DD4B3 /* SearchViewModel.swift in Sources */,
				4CBDB9EE75BFADAA63E247A9 /* SeedData.swift in Sources */,
				53B2A6FD99C12C0E7383A606 /* SemanticSearchService.swift in Sources */,
				2A192CA9B797AFC934383512 /* SettingsView.swift in Sources */,
				FBB6E26A8235FC4E2A742E7F /* SourceImporter.swift in Sources */,
				200B569921A8FFF7C694B5FA /* String+Highlight.swift in Sources */,
				443FCF87B1A62DF18A5B53DF /* SyncService.swift in Sources */,
				88DD66A3EADB3E5363D66E00 /* TimelineView.swift in Sources */,
				BBBABE6B66981F071F8CFB1D /* TimelineViewModel.swift in Sources */,
				C9F7CCD664900E3B2E7AAB33 /* VoiceCaptureView.swift in Sources */,
				DCC6A592512C59564772B771 /* VoiceRecorderService.swift in Sources */,
			);
			runOnlyForDeploymentPostprocessing = 0;
		};
/* End PBXSourcesBuildPhase section */

/* Begin PBXTargetDependency section */
		C15B5805285A776CF2B453B9 /* PBXTargetDependency */ = {
			isa = PBXTargetDependency;
			target = C6B6D6461D0F67BEAFCB3584 /* Remember */;
			targetProxy = 4170BB33E158BAE95D585A5B /* PBXContainerItemProxy */;
		};
/* End PBXTargetDependency section */

/* Begin PBXVariantGroup section */
		847B2FA927A68E6322B35FB4 /* Localizable.strings */ = {
			isa = PBXVariantGroup;
			children = (
				FEF5F3C9FFEBACB5EF2ADD39 /* en */,
				8DF391703F1C0CD71CE75C9E /* ru */,
			);
			name = Localizable.strings;
			sourceTree = "<group>";
		};
/* End PBXVariantGroup section */

/* Begin XCBuildConfiguration section */
		2AEC925B692F3C7E334EA3E9 /* Debug */ = {
			isa = XCBuildConfiguration;
			buildSettings = {
				ALWAYS_SEARCH_USER_PATHS = NO;
				CLANG_ANALYZER_NONNULL = YES;
				CLANG_ANALYZER_NUMBER_OBJECT_CONVERSION = YES_AGGRESSIVE;
				CLANG_CXX_LANGUAGE_STANDARD = "gnu++14";
				CLANG_CXX_LIBRARY = "libc++";
				CLANG_ENABLE_MODULES = YES;
				CLANG_ENABLE_OBJC_ARC = YES;
				CLANG_ENABLE_OBJC_WEAK = YES;
				CLANG_WARN_BLOCK_CAPTURE_AUTORELEASING = YES;
				CLANG_WARN_BOOL_CONVERSION = YES;
				CLANG_WARN_COMMA = YES;
				CLANG_WARN_CONSTANT_CONVERSION = YES;
				CLANG_WARN_DEPRECATED_OBJC_IMPLEMENTATIONS = YES;
				CLANG_WARN_DIRECT_OBJC_ISA_USAGE = YES_ERROR;
				CLANG_WARN_DOCUMENTATION_COMMENTS = YES;
				CLANG_WARN_EMPTY_BODY = YES;
				CLANG_WARN_ENUM_CONVERSION = YES;
				CLANG_WARN_INFINITE_RECURSION = YES;
				CLANG_WARN_INT_CONVERSION = YES;
				CLANG_WARN_NON_LITERAL_NULL_CONVERSION = YES;
				CLANG_WARN_OBJC_IMPLICIT_RETAIN_SELF = YES;
				CLANG_WARN_OBJC_LITERAL_CONVERSION = YES;
				CLANG_WARN_OBJC_ROOT_CLASS = YES_ERROR;
				CLANG_WARN_QUOTED_INCLUDE_IN_FRAMEWORK_HEADER = YES;
				CLANG_WARN_RANGE_LOOP_ANALYSIS = YES;
				CLANG_WARN_STRICT_PROTOTYPES = YES;
				CLANG_WARN_SUSPICIOUS_MOVE = YES;
				CLANG_WARN_UNGUARDED_AVAILABILITY = YES_AGGRESSIVE;
				CLANG_WARN_UNREACHABLE_CODE = YES;
				CLANG_WARN__DUPLICATE_METHOD_MATCH = YES;
				COPY_PHASE_STRIP = NO;
				CURRENT_PROJECT_VERSION = 1;
				DEBUG_INFORMATION_FORMAT = dwarf;
				DEVELOPMENT_TEAM = "";
				ENABLE_STRICT_OBJC_MSGSEND = YES;
				ENABLE_TESTABILITY = YES;
				GCC_C_LANGUAGE_STANDARD = gnu11;
				GCC_DYNAMIC_NO_PIC = NO;
				GCC_NO_COMMON_BLOCKS = YES;
				GCC_OPTIMIZATION_LEVEL = 0;
				GCC_PREPROCESSOR_DEFINITIONS = (
					"$(inherited)",
					"DEBUG=1",
				);
				GCC_WARN_64_TO_32_BIT_CONVERSION = YES;
				GCC_WARN_ABOUT_RETURN_TYPE = YES_ERROR;
				GCC_WARN_UNDECLARED_SELECTOR = YES;
				GCC_WARN_UNINITIALIZED_AUTOS = YES_AGGRESSIVE;
				GCC_WARN_UNUSED_FUNCTION = YES;
				GCC_WARN_UNUSED_VARIABLE = YES;
				IPHONEOS_DEPLOYMENT_TARGET = 18.0;
				MARKETING_VERSION = 1.0.0;
				MTL_ENABLE_DEBUG_INFO = INCLUDE_SOURCE;
				MTL_FAST_MATH = YES;
				ONLY_ACTIVE_ARCH = YES;
				PRODUCT_NAME = "$(TARGET_NAME)";
				SDKROOT = iphoneos;
				SWIFT_ACTIVE_COMPILATION_CONDITIONS = DEBUG;
				SWIFT_OPTIMIZATION_LEVEL = "-Onone";
				SWIFT_VERSION = 6.0;
			};
			name = Debug;
		};
		2E2771E016D8B5D433E1503D /* Release */ = {
			isa = XCBuildConfiguration;
			buildSettings = {
				ASSETCATALOG_COMPILER_APPICON_NAME = AppIcon;
				CODE_SIGN_IDENTITY = "iPhone Developer";
				DEVELOPMENT_TEAM = LJZ97X76W9;
				INFOPLIST_FILE = Remember/Info.plist;
				LD_RUNPATH_SEARCH_PATHS = (
					"$(inherited)",
					"@executable_path/Frameworks",
				);
				PRODUCT_BUNDLE_IDENTIFIER = com.iry.remember;
				SDKROOT = iphoneos;
				TARGETED_DEVICE_FAMILY = 1;
			};
			name = Release;
		};
		68C789972B3BCCD6960444B7 /* Release */ = {
			isa = XCBuildConfiguration;
			buildSettings = {
				ALWAYS_SEARCH_USER_PATHS = NO;
				CLANG_ANALYZER_NONNULL = YES;
				CLANG_ANALYZER_NUMBER_OBJECT_CONVERSION = YES_AGGRESSIVE;
				CLANG_CXX_LANGUAGE_STANDARD = "gnu++14";
				CLANG_CXX_LIBRARY = "libc++";
				CLANG_ENABLE_MODULES = YES;
				CLANG_ENABLE_OBJC_ARC = YES;
				CLANG_ENABLE_OBJC_WEAK = YES;
				CLANG_WARN_BLOCK_CAPTURE_AUTORELEASING = YES;
				CLANG_WARN_BOOL_CONVERSION = YES;
				CLANG_WARN_COMMA = YES;
				CLANG_WARN_CONSTANT_CONVERSION = YES;
				CLANG_WARN_DEPRECATED_OBJC_IMPLEMENTATIONS = YES;
				CLANG_WARN_DIRECT_OBJC_ISA_USAGE = YES_ERROR;
				CLANG_WARN_DOCUMENTATION_COMMENTS = YES;
				CLANG_WARN_EMPTY_BODY = YES;
				CLANG_WARN_ENUM_CONVERSION = YES;
				CLANG_WARN_INFINITE_RECURSION = YES;
				CLANG_WARN_INT_CONVERSION = YES;
				CLANG_WARN_NON_LITERAL_NULL_CONVERSION = YES;
				CLANG_WARN_OBJC_IMPLICIT_RETAIN_SELF = YES;
				CLANG_WARN_OBJC_LITERAL_CONVERSION = YES;
				CLANG_WARN_OBJC_ROOT_CLASS = YES_ERROR;
				CLANG_WARN_QUOTED_INCLUDE_IN_FRAMEWORK_HEADER = YES;
				CLANG_WARN_RANGE_LOOP_ANALYSIS = YES;
				CLANG_WARN_STRICT_PROTOTYPES = YES;
				CLANG_WARN_SUSPICIOUS_MOVE = YES;
				CLANG_WARN_UNGUARDED_AVAILABILITY = YES_AGGRESSIVE;
				CLANG_WARN_UNREACHABLE_CODE = YES;
				CLANG_WARN__DUPLICATE_METHOD_MATCH = YES;
				COPY_PHASE_STRIP = NO;
				CURRENT_PROJECT_VERSION = 1;
				DEBUG_INFORMATION_FORMAT = "dwarf-with-dsym";
				DEVELOPMENT_TEAM = "";
				ENABLE_NS_ASSERTIONS = NO;
				ENABLE_STRICT_OBJC_MSGSEND = YES;
				GCC_C_LANGUAGE_STANDARD = gnu11;
				GCC_NO_COMMON_BLOCKS = YES;
				GCC_WARN_64_TO_32_BIT_CONVERSION = YES;
				GCC_WARN_ABOUT_RETURN_TYPE = YES_ERROR;
				GCC_WARN_UNDECLARED_SELECTOR = YES;
				GCC_WARN_UNINITIALIZED_AUTOS = YES_AGGRESSIVE;
				GCC_WARN_UNUSED_FUNCTION = YES;
				GCC_WARN_UNUSED_VARIABLE = YES;
				IPHONEOS_DEPLOYMENT_TARGET = 18.0;
				MARKETING_VERSION = 1.0.0;
				MTL_ENABLE_DEBUG_INFO = NO;
				MTL_FAST_MATH = YES;
				PRODUCT_NAME = "$(TARGET_NAME)";
				SDKROOT = iphoneos;
				SWIFT_COMPILATION_MODE = wholemodule;
				SWIFT_OPTIMIZATION_LEVEL = "-O";
				SWIFT_VERSION = 6.0;
			};
			name = Release;
		};
		9DC3FF4DE07D2F8FB8854D9C /* Debug */ = {
			isa = XCBuildConfiguration;
			buildSettings = {
				BUNDLE_LOADER = "$(TEST_HOST)";
				DEVELOPMENT_TEAM = LJZ97X76W9;
				GENERATE_INFOPLIST_FILE = YES;
				LD_RUNPATH_SEARCH_PATHS = (
					"$(inherited)",
					"@executable_path/Frameworks",
					"@loader_path/Frameworks",
				);
				PRODUCT_BUNDLE_IDENTIFIER = com.iry.remembertests;
				SDKROOT = iphoneos;
				TARGETED_DEVICE_FAMILY = "1,2";
				TEST_HOST = "$(BUILT_PRODUCTS_DIR)/Remember.app/Remember";
			};
			name = Debug;
		};
		C35CBB16B6B5E18E54D8761D /* Debug */ = {
			isa = XCBuildConfiguration;
			buildSettings = {
				ASSETCATALOG_COMPILER_APPICON_NAME = AppIcon;
				CODE_SIGN_IDENTITY = "iPhone Developer";
				DEVELOPMENT_TEAM = LJZ97X76W9;
				INFOPLIST_FILE = Remember/Info.plist;
				LD_RUNPATH_SEARCH_PATHS = (
					"$(inherited)",
					"@executable_path/Frameworks",
				);
				PRODUCT_BUNDLE_IDENTIFIER = com.iry.remember;
				SDKROOT = iphoneos;
				TARGETED_DEVICE_FAMILY = 1;
			};
			name = Debug;
		};
		EA425F9AB0E356600DABDECD /* Release */ = {
			isa = XCBuildConfiguration;
			buildSettings = {
				BUNDLE_LOADER = "$(TEST_HOST)";
				DEVELOPMENT_TEAM = LJZ97X76W9;
				GENERATE_INFOPLIST_FILE = YES;
				LD_RUNPATH_SEARCH_PATHS = (
					"$(inherited)",
					"@executable_path/Frameworks",
					"@loader_path/Frameworks",
				);
				PRODUCT_BUNDLE_IDENTIFIER = com.iry.remembertests;
				SDKROOT = iphoneos;
				TARGETED_DEVICE_FAMILY = "1,2";
				TEST_HOST = "$(BUILT_PRODUCTS_DIR)/Remember.app/Remember";
			};
			name = Release;
		};
/* End XCBuildConfiguration section */

/* Begin XCConfigurationList section */
		9F5218CA9640B03E8D0497D0 /* Build configuration list for PBXNativeTarget "RememberTests" */ = {
			isa = XCConfigurationList;
			buildConfigurations = (
				9DC3FF4DE07D2F8FB8854D9C /* Debug */,
				EA425F9AB0E356600DABDECD /* Release */,
			);
			defaultConfigurationIsVisible = 0;
			defaultConfigurationName = Debug;
		};
		A4CC2D3F78C827BE03355E77 /* Build configuration list for PBXNativeTarget "Remember" */ = {
			isa = XCConfigurationList;
			buildConfigurations = (
				C35CBB16B6B5E18E54D8761D /* Debug */,
				2E2771E016D8B5D433E1503D /* Release */,
			);
			defaultConfigurationIsVisible = 0;
			defaultConfigurationName = Debug;
		};
		E4028934E8C90C76611BD267 /* Build configuration list for PBXProject "Remember" */ = {
			isa = XCConfigurationList;
			buildConfigurations = (
				2AEC925B692F3C7E334EA3E9 /* Debug */,
				68C789972B3BCCD6960444B7 /* Release */,
			);
			defaultConfigurationIsVisible = 0;
			defaultConfigurationName = Debug;
		};
/* End XCConfigurationList section */

/* Begin XCRemoteSwiftPackageReference section */
		5A2C9931ACE077C66DB5D33A /* XCRemoteSwiftPackageReference "GRDB" */ = {
			isa = XCRemoteSwiftPackageReference;
			repositoryURL = "https://github.com/groue/GRDB.swift";
			requirement = {
				kind = upToNextMajorVersion;
				minimumVersion = 6.0.0;
			};
		};
/* End XCRemoteSwiftPackageReference section */

/* Begin XCSwiftPackageProductDependency section */
		2D91C76C2824F9C2FE8FC300 /* GRDB */ = {
			isa = XCSwiftPackageProductDependency;
			package = 5A2C9931ACE077C66DB5D33A /* XCRemoteSwiftPackageReference "GRDB" */;
			productName = GRDB;
		};
		66CC7664A6187BFC2124AB41 /* GRDB */ = {
			isa = XCSwiftPackageProductDependency;
			package = 5A2C9931ACE077C66DB5D33A /* XCRemoteSwiftPackageReference "GRDB" */;
			productName = GRDB;
		};
/* End XCSwiftPackageProductDependency section */
	};
	rootObject = 4F4365EB866668773C1796E1 /* Project object */;
}
